
Microsoft Visual Studio Solution File, Format Version 11.00
# Visual Studio 2010
Project("{FAE04EC0-301F-11D3-BF4B-00C04F79EFBC}") = "Server", "Server\Server.csproj", "{963A9B3B-2240-4CDD-A46E-EAF6383491BF}"
EndProject
Global
	GlobalSection(SolutionConfigurationPlatforms) = preSolution
		Debug|x86 = Debug|x86
		Release|x86 = Release|x86
	EndGlobalSection
	GlobalSection(ProjectConfigurationPlatforms) = postSolution
		{963A9B3B-2240-4CDD-A46E-EAF6383491BF}.Debug|x86.ActiveCfg = Debug|x86
		{963A9B3B-2240-4CDD-A46E-EAF6383491BF}.Debug|x86.Build.0 = Debug|x86
		{963A9B3B-2240-4CDD-A46E-EAF6383491BF}.Release|x86.ActiveCfg = Release|x86
		{963A9B3B-2240-4CDD-A46E-EAF6383491BF}.Release|x86.Build.0 = Release|x86
	EndGlobalSection
	GlobalSection(SolutionProperties) = preSolution
		HideSolutionNode = FALSE
	EndGlobalSection
EndGlobal
